
Microsoft Visual Studio Solution File, Format Version 12.00
# Visual Studio 15
VisualStudioVersion = 15.0.27004.2009
MinimumVisualStudioVersion = 10.0.40219.1
Project("{2150E333-8FDC-42A3-9474-1A3956D46DE8}") = "src", "src", "{B5707005-BF00-436F-8E56-82CB2C3C6745}"
EndProject
Project("{2150E333-8FDC-42A3-9474-1A3956D46DE8}") = "test", "test", "{45819839-7D08-4184-998D-24FD34547641}"
EndProject
Project("{2150E333-8FDC-42A3-9474-1A3956D46DE8}") = "1.0 - Presentation", "1.0 - Presentation", "{6EA7A0DD-14DC-455E-8708-4724BA49F014}"
EndProject
Project("{2150E333-8FDC-42A3-9474-1A3956D46DE8}") = "1.1 - Application", "1.1 - Application", "{8E8F6851-04F0-4EC6-B705-350F1BCF891E}"
EndProject
Project("{2150E333-8FDC-42A3-9474-1A3956D46DE8}") = "1.2 - Domain", "1.2 - Domain", "{3B9FA52F-051C-4692-87E5-CEF9BCBACFD2}"
EndProject
Project("{2150E333-8FDC-42A3-9474-1A3956D46DE8}") = "1.3 - Data", "1.3 - Data", "{9BAC8EEA-D38F-432B-9D07-55FA9FB1F34B}"
EndProject
Project("{2150E333-8FDC-42A3-9474-1A3956D46DE8}") = "1.4 - Infrastructure", "1.4 - Infrastructure", "{3E81C812-F3EA-4157-8C9F-9DEA6B417BAC}"
EndProject
Project("{2150E333-8FDC-42A3-9474-1A3956D46DE8}") = "1.1 - Application", "1.1 - Application", "{46B56B72-41EB-40C5-BEC2-3188BF6B8E99}"
EndProject
Project("{9A19103F-16F7-4668-BE54-9A1E7A4F7556}") = "Presentation.Api", "src\Presentation.Api\Presentation.Api.csproj", "{4E7A3AFF-8031-42A6-BD7E-02A7DC5E350F}"
EndProject
Project("{9A19103F-16F7-4668-BE54-9A1E7A4F7556}") = "Application.Dto", "src\Application.Dto\Application.Dto.csproj", "{A8436FB0-959A-49F4-BCF3-A445EB6E16EE}"
EndProject
Project("{9A19103F-16F7-4668-BE54-9A1E7A4F7556}") = "Domain.ReadModel", "src\Domain.ReadModel\Domain.ReadModel.csproj", "{D8F26E6F-BA3D-4B95-A0C6-13183231C312}"
EndProject
Project("{9A19103F-16F7-4668-BE54-9A1E7A4F7556}") = "Infrastructure.Configuration", "src\Infrastructure.Configuration\Infrastructure.Configuration.csproj", "{63EA15B1-E7C0-4216-9426-01C0F770D746}"
EndProject
Project("{9A19103F-16F7-4668-BE54-9A1E7A4F7556}") = "Infrastructure.CrossCutting", "src\Infrastructure.CrossCutting\Infrastructure.CrossCutting.csproj", "{08CFBAD2-8AD7-41DC-8500-261974662EF1}"
EndProject
Project("{9A19103F-16F7-4668-BE54-9A1E7A4F7556}") = "Application.Commands", "src\Application.Commands\Application.Commands.csproj", "{B626C805-0A59-43B9-91D0-4D96462F9373}"
EndProject
Project("{9A19103F-16F7-4668-BE54-9A1E7A4F7556}") = "Application.CommandHandlers", "src\Application.CommandHandlers\Application.CommandHandlers.csproj", "{985C8E86-16E7-4439-9F8A-FB4BBC32FA62}"
EndProject
Project("{9A19103F-16F7-4668-BE54-9A1E7A4F7556}") = "Application.Queries", "src\Application.Queries\Application.Queries.csproj", "{DCFA2DC9-81B1-48F6-BED0-1762E9BC6F73}"
EndProject
Project("{9A19103F-16F7-4668-BE54-9A1E7A4F7556}") = "Application.QueryHandlers", "src\Application.QueryHandlers\Application.QueryHandlers.csproj", "{C232C7FE-B7D9-400B-BD3F-DF65286E3776}"
EndProject
Project("{9A19103F-16F7-4668-BE54-9A1E7A4F7556}") = "Data.ReadModelRepositories", "src\Data.ReadModelRepositories\Data.ReadModelRepositories.csproj", "{CA5D940B-4170-4297-84AB-147F2D6AFAD9}"
EndProject
Project("{9A19103F-16F7-4668-BE54-9A1E7A4F7556}") = "Application.CommandHandlers.Tests", "test\unit\Application.CommandServices.Tests\Application.CommandHandlers.Tests.csproj", "{561B13D6-6ADE-4133-B057-F56C82A7E2EE}"
EndProject
Global
	GlobalSection(SolutionConfigurationPlatforms) = preSolution
		Debug|Any CPU = Debug|Any CPU
		Release|Any CPU = Release|Any CPU
	EndGlobalSection
	GlobalSection(ProjectConfigurationPlatforms) = postSolution
		{4E7A3AFF-8031-42A6-BD7E-02A7DC5E350F}.Debug|Any CPU.ActiveCfg = Debug|Any CPU
		{4E7A3AFF-8031-42A6-BD7E-02A7DC5E350F}.Debug|Any CPU.Build.0 = Debug|Any CPU
		{4E7A3AFF-8031-42A6-BD7E-02A7DC5E350F}.Release|Any CPU.ActiveCfg = Release|Any CPU
		{4E7A3AFF-8031-42A6-BD7E-02A7DC5E350F}.Release|Any CPU.Build.0 = Release|Any CPU
		{A8436FB0-959A-49F4-BCF3-A445EB6E16EE}.Debug|Any CPU.ActiveCfg = Debug|Any CPU
		{A8436FB0-959A-49F4-BCF3-A445EB6E16EE}.Debug|Any CPU.Build.0 = Debug|Any CPU
		{A8436FB0-959A-49F4-BCF3-A445EB6E16EE}.Release|Any CPU.ActiveCfg = Release|Any CPU
		{A8436FB0-959A-49F4-BCF3-A445EB6E16EE}.Release|Any CPU.Build.0 = Release|Any CPU
		{D8F26E6F-BA3D-4B95-A0C6-13183231C312}.Debug|Any CPU.ActiveCfg = Debug|Any CPU
		{D8F26E6F-BA3D-4B95-A0C6-13183231C312}.Debug|Any CPU.Build.0 = Debug|Any CPU
		{D8F26E6F-BA3D-4B95-A0C6-13183231C312}.Release|Any CPU.ActiveCfg = Release|Any CPU
		{D8F26E6F-BA3D-4B95-A0C6-13183231C312}.Release|Any CPU.Build.0 = Release|Any CPU
		{63EA15B1-E7C0-4216-9426-01C0F770D746}.Debug|Any CPU.ActiveCfg = Debug|Any CPU
		{63EA15B1-E7C0-4216-9426-01C0F770D746}.Debug|Any CPU.Build.0 = Debug|Any CPU
		{63EA15B1-E7C0-4216-9426-01C0F770D746}.Release|Any CPU.ActiveCfg = Release|Any CPU
		{63EA15B1-E7C0-4216-9426-01C0F770D746}.Release|Any CPU.Build.0 = Release|Any CPU
		{08CFBAD2-8AD7-41DC-8500-261974662EF1}.Debug|Any CPU.ActiveCfg = Debug|Any CPU
		{08CFBAD2-8AD7-41DC-8500-261974662EF1}.Debug|Any CPU.Build.0 = Debug|Any CPU
		{08CFBAD2-8AD7-41DC-8500-261974662EF1}.Release|Any CPU.ActiveCfg = Release|Any CPU
		{08CFBAD2-8AD7-41DC-8500-261974662EF1}.Release|Any CPU.Build.0 = Release|Any CPU
		{B626C805-0A59-43B9-91D0-4D96462F9373}.Debug|Any CPU.ActiveCfg = Debug|Any CPU
		{B626C805-0A59-43B9-91D0-4D96462F9373}.Debug|Any CPU.Build.0 = Debug|Any CPU
		{B626C805-0A59-43B9-91D0-4D96462F9373}.Release|Any CPU.ActiveCfg = Release|Any CPU
		{B626C805-0A59-43B9-91D0-4D96462F9373}.Release|Any CPU.Build.0 = Release|Any CPU
		{985C8E86-16E7-4439-9F8A-FB4BBC32FA62}.Debug|Any CPU.ActiveCfg = Debug|Any CPU
		{985C8E86-16E7-4439-9F8A-FB4BBC32FA62}.Debug|Any CPU.Build.0 = Debug|Any CPU
		{985C8E86-16E7-4439-9F8A-FB4BBC32FA62}.Release|Any CPU.ActiveCfg = Release|Any CPU
		{985C8E86-16E7-4439-9F8A-FB4BBC32FA62}.Release|Any CPU.Build.0 = Release|Any CPU
		{DCFA2DC9-81B1-48F6-BED0-1762E9BC6F73}.Debug|Any CPU.ActiveCfg = Debug|Any CPU
		{DCFA2DC9-81B1-48F6-BED0-1762E9BC6F73}.Debug|Any CPU.Build.0 = Debug|Any CPU
		{DCFA2DC9-81B1-48F6-BED0-1762E9BC6F73}.Release|Any CPU.ActiveCfg = Release|Any CPU
		{DCFA2DC9-81B1-48F6-BED0-1762E9BC6F73}.Release|Any CPU.Build.0 = Release|Any CPU
		{C232C7FE-B7D9-400B-BD3F-DF65286E3776}.Debug|Any CPU.ActiveCfg = Debug|Any CPU
		{C232C7FE-B7D9-400B-BD3F-DF65286E3776}.Debug|Any CPU.Build.0 = Debug|Any CPU
		{C232C7FE-B7D9-400B-BD3F-DF65286E3776}.Release|Any CPU.ActiveCfg = Release|Any CPU
		{C232C7FE-B7D9-400B-BD3F-DF65286E3776}.Release|Any CPU.Build.0 = Release|Any CPU
		{CA5D940B-4170-4297-84AB-147F2D6AFAD9}.Debug|Any CPU.ActiveCfg = Debug|Any CPU
		{CA5D940B-4170-4297-84AB-147F2D6AFAD9}.Debug|Any CPU.Build.0 = Debug|Any CPU
		{CA5D940B-4170-4297-84AB-147F2D6AFAD9}.Release|Any CPU.ActiveCfg = Release|Any CPU
		{CA5D940B-4170-4297-84AB-147F2D6AFAD9}.Release|Any CPU.Build.0 = Release|Any CPU
		{561B13D6-6ADE-4133-B057-F56C82A7E2EE}.Debug|Any CPU.ActiveCfg = Debug|Any CPU
		{561B13D6-6ADE-4133-B057-F56C82A7E2EE}.Debug|Any CPU.Build.0 = Debug|Any CPU
		{561B13D6-6ADE-4133-B057-F56C82A7E2EE}.Release|Any CPU.ActiveCfg = Release|Any CPU
		{561B13D6-6ADE-4133-B057-F56C82A7E2EE}.Release|Any CPU.Build.0 = Release|Any CPU
	EndGlobalSection
	GlobalSection(SolutionProperties) = preSolution
		HideSolutionNode = FALSE
	EndGlobalSection
	GlobalSection(NestedProjects) = preSolution
		{6EA7A0DD-14DC-455E-8708-4724BA49F014} = {B5707005-BF00-436F-8E56-82CB2C3C6745}
		{8E8F6851-04F0-4EC6-B705-350F1BCF891E} = {B5707005-BF00-436F-8E56-82CB2C3C6745}
		{3B9FA52F-051C-4692-87E5-CEF9BCBACFD2} = {B5707005-BF00-436F-8E56-82CB2C3C6745}
		{9BAC8EEA-D38F-432B-9D07-55FA9FB1F34B} = {B5707005-BF00-436F-8E56-82CB2C3C6745}
		{3E81C812-F3EA-4157-8C9F-9DEA6B417BAC} = {B5707005-BF00-436F-8E56-82CB2C3C6745}
		{46B56B72-41EB-40C5-BEC2-3188BF6B8E99} = {45819839-7D08-4184-998D-24FD34547641}
		{4E7A3AFF-8031-42A6-BD7E-02A7DC5E350F} = {6EA7A0DD-14DC-455E-8708-4724BA49F014}
		{A8436FB0-959A-49F4-BCF3-A445EB6E16EE} = {8E8F6851-04F0-4EC6-B705-350F1BCF891E}
		{D8F26E6F-BA3D-4B95-A0C6-13183231C312} = {3B9FA52F-051C-4692-87E5-CEF9BCBACFD2}
		{63EA15B1-E7C0-4216-9426-01C0F770D746} = {3E81C812-F3EA-4157-8C9F-9DEA6B417BAC}
		{08CFBAD2-8AD7-41DC-8500-261974662EF1} = {3E81C812-F3EA-4157-8C9F-9DEA6B417BAC}
		{B626C805-0A59-43B9-91D0-4D96462F9373} = {8E8F6851-04F0-4EC6-B705-350F1BCF891E}
		{985C8E86-16E7-4439-9F8A-FB4BBC32FA62} = {8E8F6851-04F0-4EC6-B705-350F1BCF891E}
		{DCFA2DC9-81B1-48F6-BED0-1762E9BC6F73} = {8E8F6851-04F0-4EC6-B705-350F1BCF891E}
		{C232C7FE-B7D9-400B-BD3F-DF65286E3776} = {8E8F6851-04F0-4EC6-B705-350F1BCF891E}
		{CA5D940B-4170-4297-84AB-147F2D6AFAD9} = {9BAC8EEA-D38F-432B-9D07-55FA9FB1F34B}
		{561B13D6-6ADE-4133-B057-F56C82A7E2EE} = {46B56B72-41EB-40C5-BEC2-3188BF6B8E99}
	EndGlobalSection
	GlobalSection(ExtensibilityGlobals) = postSolution
		SolutionGuid = {D4074916-0D07-4153-9496-A26DCCE86213}
	EndGlobalSection
EndGlobal
