
Microsoft Visual Studio Solution File, Format Version 12.00
# Visual Studio 15
VisualStudioVersion = 15.0.27004.2009
MinimumVisualStudioVersion = 10.0.40219.1
Project("{2150E333-8FDC-42A3-9474-1A3956D46DE8}") = "src", "src", "{B5707005-BF00-436F-8E56-82CB2C3C6745}"
EndProject
Project("{2150E333-8FDC-42A3-9474-1A3956D46DE8}") = "test", "test", "{45819839-7D08-4184-998D-24FD34547641}"
EndProject
Project("{2150E333-8FDC-42A3-9474-1A3956D46DE8}") = "1.0 - Presentation", "1.0 - Presentation", "{6EA7A0DD-14DC-455E-8708-4724BA49F014}"
EndProject
Project("{2150E333-8FDC-42A3-9474-1A3956D46DE8}") = "1.1 - Application", "1.1 - Application", "{8E8F6851-04F0-4EC6-B705-350F1BCF891E}"
EndProject
Project("{2150E333-8FDC-42A3-9474-1A3956D46DE8}") = "1.2 - Domain", "1.2 - Domain", "{3B9FA52F-051C-4692-87E5-CEF9BCBACFD2}"
EndProject
Project("{2150E333-8FDC-42A3-9474-1A3956D46DE8}") = "1.3 - Data", "1.3 - Data", "{9BAC8EEA-D38F-432B-9D07-55FA9FB1F34B}"
EndProject
Project("{2150E333-8FDC-42A3-9474-1A3956D46DE8}") = "1.4 - Infrastructure", "1.4 - Infrastructure", "{3E81C812-F3EA-4157-8C9F-9DEA6B417BAC}"
EndProject
Project("{2150E333-8FDC-42A3-9474-1A3956D46DE8}") = "1.1 - Application", "1.1 - Application", "{46B56B72-41EB-40C5-BEC2-3188BF6B8E99}"
EndProject
Project("{9A19103F-16F7-4668-BE54-9A1E7A4F7556}") = "Data.CommandRepositories", "src\Data.CommandRepositories\Data.CommandRepositories.csproj", "{B1B0478F-FEB2-4836-AB5F-0E0433514BCD}"
EndProject
Project("{9A19103F-16F7-4668-BE54-9A1E7A4F7556}") = "Presentation.Api", "src\Presentation.Api\Presentation.Api.csproj", "{4E7A3AFF-8031-42A6-BD7E-02A7DC5E350F}"
EndProject
Project("{9A19103F-16F7-4668-BE54-9A1E7A4F7556}") = "Application.Dto", "src\Application.Dto\Application.Dto.csproj", "{A8436FB0-959A-49F4-BCF3-A445EB6E16EE}"
EndProject
Project("{9A19103F-16F7-4668-BE54-9A1E7A4F7556}") = "Application.CommandServices", "src\Application.CommandServices\Application.CommandServices.csproj", "{96A4E55A-9F5F-465D-8C7B-54D6EFBCE8C4}"
EndProject
Project("{9A19103F-16F7-4668-BE54-9A1E7A4F7556}") = "Application.QueryServices", "src\Application.QueryServices\Application.QueryServices.csproj", "{304A6524-244B-4B08-8DBE-07D408540CF6}"
EndProject
Project("{9A19103F-16F7-4668-BE54-9A1E7A4F7556}") = "Domain.Commands", "src\Domain.Commands\Domain.Commands.csproj", "{24032F9C-DFEE-417A-996B-A24A6EAC770F}"
EndProject
Project("{9A19103F-16F7-4668-BE54-9A1E7A4F7556}") = "Domain.Queries", "src\Domain.Queries\Domain.Queries.csproj", "{855513A5-1D8B-45F0-A927-CC38EC3294D8}"
EndProject
Project("{9A19103F-16F7-4668-BE54-9A1E7A4F7556}") = "Data.QueryRepositories", "src\Data.QueryRepositories\Data.QueryRepositories.csproj", "{CCBF2DF1-D09C-4084-9616-FD99B9389D34}"
EndProject
Project("{9A19103F-16F7-4668-BE54-9A1E7A4F7556}") = "Application.CommandServices.Tests", "test\Application.CommandServices.Tests\Application.CommandServices.Tests.csproj", "{55810F08-5B40-438B-93B0-1457877031D7}"
EndProject
Global
	GlobalSection(SolutionConfigurationPlatforms) = preSolution
		Debug|Any CPU = Debug|Any CPU
		Release|Any CPU = Release|Any CPU
	EndGlobalSection
	GlobalSection(ProjectConfigurationPlatforms) = postSolution
		{B1B0478F-FEB2-4836-AB5F-0E0433514BCD}.Debug|Any CPU.ActiveCfg = Debug|Any CPU
		{B1B0478F-FEB2-4836-AB5F-0E0433514BCD}.Debug|Any CPU.Build.0 = Debug|Any CPU
		{B1B0478F-FEB2-4836-AB5F-0E0433514BCD}.Release|Any CPU.ActiveCfg = Release|Any CPU
		{B1B0478F-FEB2-4836-AB5F-0E0433514BCD}.Release|Any CPU.Build.0 = Release|Any CPU
		{4E7A3AFF-8031-42A6-BD7E-02A7DC5E350F}.Debug|Any CPU.ActiveCfg = Debug|Any CPU
		{4E7A3AFF-8031-42A6-BD7E-02A7DC5E350F}.Debug|Any CPU.Build.0 = Debug|Any CPU
		{4E7A3AFF-8031-42A6-BD7E-02A7DC5E350F}.Release|Any CPU.ActiveCfg = Release|Any CPU
		{4E7A3AFF-8031-42A6-BD7E-02A7DC5E350F}.Release|Any CPU.Build.0 = Release|Any CPU
		{A8436FB0-959A-49F4-BCF3-A445EB6E16EE}.Debug|Any CPU.ActiveCfg = Debug|Any CPU
		{A8436FB0-959A-49F4-BCF3-A445EB6E16EE}.Debug|Any CPU.Build.0 = Debug|Any CPU
		{A8436FB0-959A-49F4-BCF3-A445EB6E16EE}.Release|Any CPU.ActiveCfg = Release|Any CPU
		{A8436FB0-959A-49F4-BCF3-A445EB6E16EE}.Release|Any CPU.Build.0 = Release|Any CPU
		{96A4E55A-9F5F-465D-8C7B-54D6EFBCE8C4}.Debug|Any CPU.ActiveCfg = Debug|Any CPU
		{96A4E55A-9F5F-465D-8C7B-54D6EFBCE8C4}.Debug|Any CPU.Build.0 = Debug|Any CPU
		{96A4E55A-9F5F-465D-8C7B-54D6EFBCE8C4}.Release|Any CPU.ActiveCfg = Release|Any CPU
		{96A4E55A-9F5F-465D-8C7B-54D6EFBCE8C4}.Release|Any CPU.Build.0 = Release|Any CPU
		{304A6524-244B-4B08-8DBE-07D408540CF6}.Debug|Any CPU.ActiveCfg = Debug|Any CPU
		{304A6524-244B-4B08-8DBE-07D408540CF6}.Debug|Any CPU.Build.0 = Debug|Any CPU
		{304A6524-244B-4B08-8DBE-07D408540CF6}.Release|Any CPU.ActiveCfg = Release|Any CPU
		{304A6524-244B-4B08-8DBE-07D408540CF6}.Release|Any CPU.Build.0 = Release|Any CPU
		{24032F9C-DFEE-417A-996B-A24A6EAC770F}.Debug|Any CPU.ActiveCfg = Debug|Any CPU
		{24032F9C-DFEE-417A-996B-A24A6EAC770F}.Debug|Any CPU.Build.0 = Debug|Any CPU
		{24032F9C-DFEE-417A-996B-A24A6EAC770F}.Release|Any CPU.ActiveCfg = Release|Any CPU
		{24032F9C-DFEE-417A-996B-A24A6EAC770F}.Release|Any CPU.Build.0 = Release|Any CPU
		{855513A5-1D8B-45F0-A927-CC38EC3294D8}.Debug|Any CPU.ActiveCfg = Debug|Any CPU
		{855513A5-1D8B-45F0-A927-CC38EC3294D8}.Debug|Any CPU.Build.0 = Debug|Any CPU
		{855513A5-1D8B-45F0-A927-CC38EC3294D8}.Release|Any CPU.ActiveCfg = Release|Any CPU
		{855513A5-1D8B-45F0-A927-CC38EC3294D8}.Release|Any CPU.Build.0 = Release|Any CPU
		{CCBF2DF1-D09C-4084-9616-FD99B9389D34}.Debug|Any CPU.ActiveCfg = Debug|Any CPU
		{CCBF2DF1-D09C-4084-9616-FD99B9389D34}.Debug|Any CPU.Build.0 = Debug|Any CPU
		{CCBF2DF1-D09C-4084-9616-FD99B9389D34}.Release|Any CPU.ActiveCfg = Release|Any CPU
		{CCBF2DF1-D09C-4084-9616-FD99B9389D34}.Release|Any CPU.Build.0 = Release|Any CPU
		{55810F08-5B40-438B-93B0-1457877031D7}.Debug|Any CPU.ActiveCfg = Debug|Any CPU
		{55810F08-5B40-438B-93B0-1457877031D7}.Debug|Any CPU.Build.0 = Debug|Any CPU
		{55810F08-5B40-438B-93B0-1457877031D7}.Release|Any CPU.ActiveCfg = Release|Any CPU
		{55810F08-5B40-438B-93B0-1457877031D7}.Release|Any CPU.Build.0 = Release|Any CPU
	EndGlobalSection
	GlobalSection(SolutionProperties) = preSolution
		HideSolutionNode = FALSE
	EndGlobalSection
	GlobalSection(NestedProjects) = preSolution
		{6EA7A0DD-14DC-455E-8708-4724BA49F014} = {B5707005-BF00-436F-8E56-82CB2C3C6745}
		{8E8F6851-04F0-4EC6-B705-350F1BCF891E} = {B5707005-BF00-436F-8E56-82CB2C3C6745}
		{3B9FA52F-051C-4692-87E5-CEF9BCBACFD2} = {B5707005-BF00-436F-8E56-82CB2C3C6745}
		{9BAC8EEA-D38F-432B-9D07-55FA9FB1F34B} = {B5707005-BF00-436F-8E56-82CB2C3C6745}
		{3E81C812-F3EA-4157-8C9F-9DEA6B417BAC} = {B5707005-BF00-436F-8E56-82CB2C3C6745}
		{46B56B72-41EB-40C5-BEC2-3188BF6B8E99} = {45819839-7D08-4184-998D-24FD34547641}
		{B1B0478F-FEB2-4836-AB5F-0E0433514BCD} = {9BAC8EEA-D38F-432B-9D07-55FA9FB1F34B}
		{4E7A3AFF-8031-42A6-BD7E-02A7DC5E350F} = {6EA7A0DD-14DC-455E-8708-4724BA49F014}
		{A8436FB0-959A-49F4-BCF3-A445EB6E16EE} = {8E8F6851-04F0-4EC6-B705-350F1BCF891E}
		{96A4E55A-9F5F-465D-8C7B-54D6EFBCE8C4} = {8E8F6851-04F0-4EC6-B705-350F1BCF891E}
		{304A6524-244B-4B08-8DBE-07D408540CF6} = {8E8F6851-04F0-4EC6-B705-350F1BCF891E}
		{24032F9C-DFEE-417A-996B-A24A6EAC770F} = {3B9FA52F-051C-4692-87E5-CEF9BCBACFD2}
		{855513A5-1D8B-45F0-A927-CC38EC3294D8} = {3B9FA52F-051C-4692-87E5-CEF9BCBACFD2}
		{CCBF2DF1-D09C-4084-9616-FD99B9389D34} = {9BAC8EEA-D38F-432B-9D07-55FA9FB1F34B}
		{55810F08-5B40-438B-93B0-1457877031D7} = {46B56B72-41EB-40C5-BEC2-3188BF6B8E99}
	EndGlobalSection
	GlobalSection(ExtensibilityGlobals) = postSolution
		SolutionGuid = {D4074916-0D07-4153-9496-A26DCCE86213}
	EndGlobalSection
EndGlobal
